{
  "originHash" : "96a2be81a8f2cff1eadbc661e98763680ae74ab7cea82e1efe496213d76d2de7",
  "pins" : [
    {
      "identity" : "swift-cmark",
      "kind" : "remoteSourceControl",
      "location" : "https://github.com/swiftlang/swift-cmark.git",
      "state" : {
        "branch" : "gfm",
        "revision" : "0101bf2c6ff6a218f93150f340fe5ccf76d9f3aa"
      }
    },
    {
      "identity" : "swift-markdown",
      "kind" : "remoteSourceControl",
      "location" : "https://github.com/swiftlang/swift-markdown.git",
      "state" : {
        "branch" : "main",
        "revision" : "07ebc9c071b22a5d021031b798c3a84b76281213"
      }
    }
  ],
  "version" : 3
}
